
Microsoft Visual Studio Solution File, Format Version 12.00
# Visual Studio Version 17
VisualStudioVersion = 17.11.35327.3
MinimumVisualStudioVersion = 10.0.40219.1
Project("{FAE04EC0-301F-11D3-BF4B-00C04F79EFBC}") = "A21", "A21.csproj", "{12D00D20-E86B-445F-BA5F-A1513BE31B0E}"
EndProject
Global
	GlobalSection(SolutionConfigurationPlatforms) = preSolution
		Debug|Any CPU = Debug|Any CPU
		Release|Any CPU = Release|Any CPU
	EndGlobalSection
	GlobalSection(ProjectConfigurationPlatforms) = postSolution
		{12D00D20-E86B-445F-BA5F-A1513BE31B0E}.Debug|Any CPU.ActiveCfg = Debug|Any CPU
		{12D00D20-E86B-445F-BA5F-A1513BE31B0E}.Debug|Any CPU.Build.0 = Debug|Any CPU
		{12D00D20-E86B-445F-BA5F-A1513BE31B0E}.Debug|Any CPU.Deploy.0 = Debug|Any CPU
		{12D00D20-E86B-445F-BA5F-A1513BE31B0E}.Release|Any CPU.ActiveCfg = Release|Any CPU
		{12D00D20-E86B-445F-BA5F-A1513BE31B0E}.Release|Any CPU.Build.0 = Release|Any CPU
		{12D00D20-E86B-445F-BA5F-A1513BE31B0E}.Release|Any CPU.Deploy.0 = Release|Any CPU
	EndGlobalSection
	GlobalSection(SolutionProperties) = preSolution
		HideSolutionNode = FALSE
	EndGlobalSection
	GlobalSection(ExtensibilityGlobals) = postSolution
		SolutionGuid = {696AA5DF-A149-4AF9-A747-DFFC6742B86A}
	EndGlobalSection
EndGlobal
